# THIS IS AN AUTOGENERATED FILE. DO NOT EDIT THIS FILE DIRECTLY.
# yarn lockfile v1


"@nelsongomes/ts-timeframe@^0.2.2":
  version "0.2.2"
  resolved "https://registry.yarnpkg.com/@nelsongomes/ts-timeframe/-/ts-timeframe-0.2.2.tgz#b404c3d1b9a94865c1e8920c9238b5b2da56afed"
  integrity sha512-1fFIMuRGi4FNqDBpa2hAdQo6EcVdlwhKlAWnnHSVGByhjF1i20npNhubIXRFfQESL/pVaYOhQ/+gAVzx/TVGkw==

deep-freeze-strict@^1.1.1:
  version "1.1.1"
  resolved "https://registry.yarnpkg.com/deep-freeze-strict/-/deep-freeze-strict-1.1.1.tgz#77d0583ca24a69be4bbd9ac2fae415d55523e5b0"
  integrity sha1-d9BYPKJKab5LvZrC+uQV1VUj5bA=

immer@^7.0.8:
  version "7.0.8"
  resolved "https://registry.yarnpkg.com/immer/-/immer-7.0.8.tgz#41dcbc5669a76500d017bef3ad0d03ce0a1d7c1e"
  integrity sha512-XnpIN8PXBBaOD43U8Z17qg6RQiKQYGDGGCIbz1ixmLGwBkSWwmrmx5X7d+hTtXDM8ur7m5OdLE0PiO+y5RB3pw==

immutable-assign@^2.1.4:
  version "2.1.4"
  resolved "https://registry.yarnpkg.com/immutable-assign/-/immutable-assign-2.1.4.tgz#e040d669a392e20b89cd148e4ef30f49d4e2d752"
  integrity sha512-MQPihUVP0/LINARUF3lRoviRQaQgVsX3vPk351epg+qxUplY9MqPMvTTDY6yk7cxLB+oMHmboJND9MaPp05h+Q==
  optionalDependencies:
    deep-freeze-strict "^1.1.1"

immutable@^4.0.0-rc.12:
  version "4.0.0-rc.12"
  resolved "https://registry.yarnpkg.com/immutable/-/immutable-4.0.0-rc.12.tgz#ca59a7e4c19ae8d9bf74a97bdf0f6e2f2a5d0217"
  integrity sha512-0M2XxkZLx/mi3t8NVwIm1g8nHoEmM9p9UBl/G9k4+hm0kBgOVdMV/B3CY5dQ8qG8qc80NN4gDV4HQv6FTJ5q7A==

lodash@^4.17.20:
  version "4.17.20"
  resolved "https://registry.yarnpkg.com/lodash/-/lodash-4.17.20.tgz#b44a9b6297bcb698f1c51a3545a2b3b368d59c52"
  integrity sha512-PlhdFcillOINfeV7Ni6oF1TAEayyZBoZ8bcshTHqOYJYlrqzRK5hagpagky5o4HfCzzd1TRkXPMFq6cKk9rGmA==

seamless-immutable@^7.1.4:
  version "7.1.4"
  resolved "https://registry.yarnpkg.com/seamless-immutable/-/seamless-immutable-7.1.4.tgz#6e9536def083ddc4dea0207d722e0e80d0f372f8"
  integrity sha512-XiUO1QP4ki4E2PHegiGAlu6r82o5A+6tRh7IkGGTVg/h+UoeX4nFBeCGPOhb4CYjvkqsfm/TUtvOMYC1xmV30A==

tiny-immutable-set@^0.1.0:
  version "0.1.0"
  resolved "https://registry.yarnpkg.com/tiny-immutable-set/-/tiny-immutable-set-0.1.0.tgz#0d44409eaf5270d52091c328038049bb82511267"
  integrity sha512-BySDKZ6JNsXr/u6GnopnkSsYMCqY0TFlxK7laJpvz1LXr3RDrR71Abkh8621n70l8FyuJ+DGzo5fUK35tbwNOg==
