{
  "name": "node20-esm",
  "lockfileVersion": 3,
  "requires": true,
  "packages": {
    "": {
      "name": "node20-esm",
      "hasInstallScript": true,
      "dependencies": {
        "tiny-immutable-set": "file:.yalc/tiny-immutable-set"
      },
      "devDependencies": {},
      "engines": {
        "node": "^20"
      }
    },
    ".yalc/tiny-immutable-set": {
      "version": "1.3.1+3578fdb4",
      "license": "MIT"
    },
    "node_modules/tiny-immutable-set": {
      "resolved": ".yalc/tiny-immutable-set",
      "link": true
    }
  }
}
